
Microsoft Visual Studio Solution File, Format Version 12.00
# Visual Studio Version 17
VisualStudioVersion = 17.2.32516.85
MinimumVisualStudioVersion = 10.0.40219.1
Project("{FAE04EC0-301F-11D3-BF4B-00C04F79EFBC}") = "TSqlAnalyzer", "TSqlAnalyzer\TSqlAnalyzer.csproj", "{95F86515-AA95-4344-B27C-454CA35B0A5E}"
EndProject
Global
	GlobalSection(SolutionConfigurationPlatforms) = preSolution
		Debug|Any CPU = Debug|Any CPU
		Release|Any CPU = Release|Any CPU
	EndGlobalSection
	GlobalSection(ProjectConfigurationPlatforms) = postSolution
		{95F86515-AA95-4344-B27C-454CA35B0A5E}.Debug|Any CPU.ActiveCfg = Debug|Any CPU
		{95F86515-AA95-4344-B27C-454CA35B0A5E}.Debug|Any CPU.Build.0 = Debug|Any CPU
		{95F86515-AA95-4344-B27C-454CA35B0A5E}.Release|Any CPU.ActiveCfg = Release|Any CPU
		{95F86515-AA95-4344-B27C-454CA35B0A5E}.Release|Any CPU.Build.0 = Release|Any CPU
	EndGlobalSection
	GlobalSection(SolutionProperties) = preSolution
		HideSolutionNode = FALSE
	EndGlobalSection
	GlobalSection(ExtensibilityGlobals) = postSolution
		SolutionGuid = {BE66EDCC-F1FB-4737-8534-386321CDE69C}
	EndGlobalSection
EndGlobal
